
Microsoft Visual Studio Solution File, Format Version 12.00
# Visual Studio Version 17
VisualStudioVersion = 17.11.35222.181
MinimumVisualStudioVersion = 10.0.40219.1
Project("{9A19103F-16F7-4668-BE54-9A1E7A4F7556}") = "ImobiliariaFacul", "DevzttiImobiliaria\ImobiliariaFacul.csproj", "{1910050D-3156-447D-9912-7EC1B7455620}"
	ProjectSection(ProjectDependencies) = postProject
		{AD15F667-4F94-4FEC-87F2-0D53D231B9DA} = {AD15F667-4F94-4FEC-87F2-0D53D231B9DA}
	EndProjectSection
EndProject
Project("{FAE04EC0-301F-11D3-BF4B-00C04F79EFBC}") = "ImobiliariaFacul.Dados", "ImobiliariaFacul.Dados\ImobiliariaFacul.Dados.csproj", "{AD15F667-4F94-4FEC-87F2-0D53D231B9DA}"
	ProjectSection(ProjectDependencies) = postProject
		{2BE7BF51-6F79-4518-A3E2-CF79CBC0F92B} = {2BE7BF51-6F79-4518-A3E2-CF79CBC0F92B}
	EndProjectSection
EndProject
Project("{FAE04EC0-301F-11D3-BF4B-00C04F79EFBC}") = "ImobiliariaFacul.Modelos", "ImobiliariaFacul.Modelos\ImobiliariaFacul.Modelos.csproj", "{2BE7BF51-6F79-4518-A3E2-CF79CBC0F92B}"
EndProject
Project("{FAE04EC0-301F-11D3-BF4B-00C04F79EFBC}") = "ImobiliariaFacul.API", "ImobiliariaFacul.API\ImobiliariaFacul.API.csproj", "{B9244FFA-F7A0-4540-8B22-5E1522B33E5D}"
EndProject
Global
	GlobalSection(SolutionConfigurationPlatforms) = preSolution
		Debug|Any CPU = Debug|Any CPU
		Release|Any CPU = Release|Any CPU
	EndGlobalSection
	GlobalSection(ProjectConfigurationPlatforms) = postSolution
		{1910050D-3156-447D-9912-7EC1B7455620}.Debug|Any CPU.ActiveCfg = Debug|Any CPU
		{1910050D-3156-447D-9912-7EC1B7455620}.Debug|Any CPU.Build.0 = Debug|Any CPU
		{1910050D-3156-447D-9912-7EC1B7455620}.Release|Any CPU.ActiveCfg = Release|Any CPU
		{1910050D-3156-447D-9912-7EC1B7455620}.Release|Any CPU.Build.0 = Release|Any CPU
		{AD15F667-4F94-4FEC-87F2-0D53D231B9DA}.Debug|Any CPU.ActiveCfg = Debug|Any CPU
		{AD15F667-4F94-4FEC-87F2-0D53D231B9DA}.Debug|Any CPU.Build.0 = Debug|Any CPU
		{AD15F667-4F94-4FEC-87F2-0D53D231B9DA}.Release|Any CPU.ActiveCfg = Release|Any CPU
		{AD15F667-4F94-4FEC-87F2-0D53D231B9DA}.Release|Any CPU.Build.0 = Release|Any CPU
		{2BE7BF51-6F79-4518-A3E2-CF79CBC0F92B}.Debug|Any CPU.ActiveCfg = Debug|Any CPU
		{2BE7BF51-6F79-4518-A3E2-CF79CBC0F92B}.Debug|Any CPU.Build.0 = Debug|Any CPU
		{2BE7BF51-6F79-4518-A3E2-CF79CBC0F92B}.Release|Any CPU.ActiveCfg = Release|Any CPU
		{2BE7BF51-6F79-4518-A3E2-CF79CBC0F92B}.Release|Any CPU.Build.0 = Release|Any CPU
		{B9244FFA-F7A0-4540-8B22-5E1522B33E5D}.Debug|Any CPU.ActiveCfg = Debug|Any CPU
		{B9244FFA-F7A0-4540-8B22-5E1522B33E5D}.Debug|Any CPU.Build.0 = Debug|Any CPU
		{B9244FFA-F7A0-4540-8B22-5E1522B33E5D}.Release|Any CPU.ActiveCfg = Release|Any CPU
		{B9244FFA-F7A0-4540-8B22-5E1522B33E5D}.Release|Any CPU.Build.0 = Release|Any CPU
	EndGlobalSection
	GlobalSection(SolutionProperties) = preSolution
		HideSolutionNode = FALSE
	EndGlobalSection
	GlobalSection(ExtensibilityGlobals) = postSolution
		SolutionGuid = {2D0FD8F6-6D06-4B49-AB9A-F59AB17A95E1}
	EndGlobalSection
EndGlobal
